// !$*UTF8*$!
{
	archiveVersion = 1;
	classes = {
	};
	objectVersion = 55;
	objects = {

/* Begin PBXBuildFile section */
		230BCAEC27E9F1A300DE3661 /* StreamTestApp.swift in Sources */ = {isa = PBXBuildFile; fileRef = 230BCAEB27E9F1A300DE3661 /* StreamTestApp.swift */; };
		230BCAEE27E9F1A300DE3661 /* ContentView.swift in Sources */ = {isa = PBXBuildFile; fileRef = 230BCAED27E9F1A300DE3661 /* ContentView.swift */; };
		230BCAF027E9F1A400DE3661 /* Assets.xcassets in Resources */ = {isa = PBXBuildFile; fileRef = 230BCAEF27E9F1A400DE3661 /* Assets.xcassets */; };
		230BCAF327E9F1A400DE3661 /* Preview Assets.xcassets in Resources */ = {isa = PBXBuildFile; fileRef = 230BCAF227E9F1A400DE3661 /* Preview Assets.xcassets */; };
		230BCAFD27E9F1A400DE3661 /* StreamTestTests.swift in Sources */ = {isa = PBXBuildFile; fileRef = 230BCAFC27E9F1A400DE3661 /* StreamTestTests.swift */; };
		230BCB0727E9F1A400DE3661 /* StreamTestUITests.swift in Sources */ = {isa = PBXBuildFile; fileRef = 230BCB0627E9F1A400DE3661 /* StreamTestUITests.swift */; };
		230BCB0927E9F1A400DE3661 /* StreamTestUITestsLaunchTests.swift in Sources */ = {isa = PBXBuildFile; fileRef = 230BCB0827E9F1A400DE3661 /* StreamTestUITestsLaunchTests.swift */; };
		230BCB1727E9F1D700DE3661 /* StreamChat in Frameworks */ = {isa = PBXBuildFile; productRef = 230BCB1627E9F1D700DE3661 /* StreamChat */; };
		230BCB1927E9F1D700DE3661 /* StreamChatUI in Frameworks */ = {isa = PBXBuildFile; productRef = 230BCB1827E9F1D700DE3661 /* StreamChatUI */; };
/* End PBXBuildFile section */

/* Begin PBXContainerItemProxy section */
		230BCAF927E9F1A400DE3661 /* PBXContainerItemProxy */ = {
			isa = PBXContainerItemProxy;
			containerPortal = 230BCAE027E9F1A300DE3661 /* Project object */;
			proxyType = 1;
			remoteGlobalIDString = 230BCAE727E9F1A300DE3661;
			remoteInfo = StreamTest;
		};
		230BCB0327E9F1A400DE3661 /* PBXContainerItemProxy */ = {
			isa = PBXContainerItemProxy;
			containerPortal = 230BCAE027E9F1A300DE3661 /* Project object */;
			proxyType = 1;
			remoteGlobalIDString = 230BCAE727E9F1A300DE3661;
			remoteInfo = StreamTest;
		};
/* End PBXContainerItemProxy section */

/* Begin PBXFileReference section */
		230BCAE827E9F1A300DE3661 /* StreamTest.app */ = {isa = PBXFileReference; explicitFileType = wrapper.application; includeInIndex = 0; path = StreamTest.app; sourceTree = BUILT_PRODUCTS_DIR; };
		230BCAEB27E9F1A300DE3661 /* StreamTestApp.swift */ = {isa = PBXFileReference; lastKnownFileType = sourcecode.swift; path = StreamTestApp.swift; sourceTree = "<group>"; };
		230BCAED27E9F1A300DE3661 /* ContentView.swift */ = {isa = PBXFileReference; lastKnownFileType = sourcecode.swift; path = ContentView.swift; sourceTree = "<group>"; };
		230BCAEF27E9F1A400DE3661 /* Assets.xcassets */ = {isa = PBXFileReference; lastKnownFileType = folder.assetcatalog; path = Assets.xcassets; sourceTree = "<group>"; };
		230BCAF227E9F1A400DE3661 /* Preview Assets.xcassets */ = {isa = PBXFileReference; lastKnownFileType = folder.assetcatalog; path = "Preview Assets.xcassets"; sourceTree = "<group>"; };
		230BCAF827E9F1A400DE3661 /* StreamTestTests.xctest */ = {isa = PBXFileReference; explicitFileType = wrapper.cfbundle; includeInIndex = 0; path = StreamTestTests.xctest; sourceTree = BUILT_PRODUCTS_DIR; };
		230BCAFC27E9F1A400DE3661 /* StreamTestTests.swift */ = {isa = PBXFileReference; lastKnownFileType = sourcecode.swift; path = StreamTestTests.swift; sourceTree = "<group>"; };
		230BCB0227E9F1A400DE3661 /* StreamTestUITests.xctest */ = {isa = PBXFileReference; explicitFileType = wrapper.cfbundle; includeInIndex = 0; path = StreamTestUITests.xctest; sourceTree = BUILT_PRODUCTS_DIR; };
		230BCB0627E9F1A400DE3661 /* StreamTestUITests.swift */ = {isa = PBXFileReference; lastKnownFileType = sourcecode.swift; path = StreamTestUITests.swift; sourceTree = "<group>"; };
		230BCB0827E9F1A400DE3661 /* StreamTestUITestsLaunchTests.swift */ = {isa = PBXFileReference; lastKnownFileType = sourcecode.swift; path = StreamTestUITestsLaunchTests.swift; sourceTree = "<group>"; };
/* End PBXFileReference section */

/* Begin PBXFrameworksBuildPhase section */
		230BCAE527E9F1A300DE3661 /* Frameworks */ = {
			isa = PBXFrameworksBuildPhase;
			buildActionMask = 2147483647;
			files = (
				230BCB1927E9F1D700DE3661 /* StreamChatUI in Frameworks */,
				230BCB1727E9F1D700DE3661 /* StreamChat in Frameworks */,
			);
			runOnlyForDeploymentPostprocessing = 0;
		};
		230BCAF527E9F1A400DE3661 /* Frameworks */ = {
			isa = PBXFrameworksBuildPhase;
			buildActionMask = 2147483647;
			files = (
			);
			runOnlyForDeploymentPostprocessing = 0;
		};
		230BCAFF27E9F1A400DE3661 /* Frameworks */ = {
			isa = PBXFrameworksBuildPhase;
			buildActionMask = 2147483647;
			files = (
			);
			runOnlyForDeploymentPostprocessing = 0;
		};
/* End PBXFrameworksBuildPhase section */

/* Begin PBXGroup section */
		230BCADF27E9F1A300DE3661 = {
			isa = PBXGroup;
			children = (
				230BCAEA27E9F1A300DE3661 /* StreamTest */,
				230BCAFB27E9F1A400DE3661 /* StreamTestTests */,
				230BCB0527E9F1A400DE3661 /* StreamTestUITests */,
				230BCAE927E9F1A300DE3661 /* Products */,
			);
			sourceTree = "<group>";
		};
		230BCAE927E9F1A300DE3661 /* Products */ = {
			isa = PBXGroup;
			children = (
				230BCAE827E9F1A300DE3661 /* StreamTest.app */,
				230BCAF827E9F1A400DE3661 /* StreamTestTests.xctest */,
				230BCB0227E9F1A400DE3661 /* StreamTestUITests.xctest */,
			);
			name = Products;
			sourceTree = "<group>";
		};
		230BCAEA27E9F1A300DE3661 /* StreamTest */ = {
			isa = PBXGroup;
			children = (
				230BCAEB27E9F1A300DE3661 /* StreamTestApp.swift */,
				230BCAED27E9F1A300DE3661 /* ContentView.swift */,
				230BCAEF27E9F1A400DE3661 /* Assets.xcassets */,
				230BCAF127E9F1A400DE3661 /* Preview Content */,
			);
			path = StreamTest;
			sourceTree = "<group>";
		};
		230BCAF127E9F1A400DE3661 /* Preview Content */ = {
			isa = PBXGroup;
			children = (
				230BCAF227E9F1A400DE3661 /* Preview Assets.xcassets */,
			);
			path = "Preview Content";
			sourceTree = "<group>";
		};
		230BCAFB27E9F1A400DE3661 /* StreamTestTests */ = {
			isa = PBXGroup;
			children = (
				230BCAFC27E9F1A400DE3661 /* StreamTestTests.swift */,
			);
			path = StreamTestTests;
			sourceTree = "<group>";
		};
		230BCB0527E9F1A400DE3661 /* StreamTestUITests */ = {
			isa = PBXGroup;
			children = (
				230BCB0627E9F1A400DE3661 /* StreamTestUITests.swift */,
				230BCB0827E9F1A400DE3661 /* StreamTestUITestsLaunchTests.swift */,
			);
			path = StreamTestUITests;
			sourceTree = "<group>";
		};
/* End PBXGroup section */

/* Begin PBXNativeTarget section */
		230BCAE727E9F1A300DE3661 /* StreamTest */ = {
			isa = PBXNativeTarget;
			buildConfigurationList = 230BCB0C27E9F1A400DE3661 /* Build configuration list for PBXNativeTarget "StreamTest" */;
			buildPhases = (
				230BCAE427E9F1A300DE3661 /* Sources */,
				230BCAE527E9F1A300DE3661 /* Frameworks */,
				230BCAE627E9F1A300DE3661 /* Resources */,
			);
			buildRules = (
			);
			dependencies = (
			);
			name = StreamTest;
			packageProductDependencies = (
				230BCB1627E9F1D700DE3661 /* StreamChat */,
				230BCB1827E9F1D700DE3661 /* StreamChatUI */,
			);
			productName = StreamTest;
			productReference = 230BCAE827E9F1A300DE3661 /* StreamTest.app */;
			productType = "com.apple.product-type.application";
		};
		230BCAF727E9F1A400DE3661 /* StreamTestTests */ = {
			isa = PBXNativeTarget;
			buildConfigurationList = 230BCB0F27E9F1A400DE3661 /* Build configuration list for PBXNativeTarget "StreamTestTests" */;
			buildPhases = (
				230BCAF427E9F1A400DE3661 /* Sources */,
				230BCAF527E9F1A400DE3661 /* Frameworks */,
				230BCAF627E9F1A400DE3661 /* Resources */,
			);
			buildRules = (
			);
			dependencies = (
				230BCAFA27E9F1A400DE3661 /* PBXTargetDependency */,
			);
			name = StreamTestTests;
			productName = StreamTestTests;
			productReference = 230BCAF827E9F1A400DE3661 /* StreamTestTests.xctest */;
			productType = "com.apple.product-type.bundle.unit-test";
		};
		230BCB0127E9F1A400DE3661 /* StreamTestUITests */ = {
			isa = PBXNativeTarget;
			buildConfigurationList = 230BCB1227E9F1A400DE3661 /* Build configuration list for PBXNativeTarget "StreamTestUITests" */;
			buildPhases = (
				230BCAFE27E9F1A400DE3661 /* Sources */,
				230BCAFF27E9F1A400DE3661 /* Frameworks */,
				230BCB0027E9F1A400DE3661 /* Resources */,
			);
			buildRules = (
			);
			dependencies = (
				230BCB0427E9F1A400DE3661 /* PBXTargetDependency */,
			);
			name = StreamTestUITests;
			productName = StreamTestUITests;
			productReference = 230BCB0227E9F1A400DE3661 /* StreamTestUITests.xctest */;
			productType = "com.apple.product-type.bundle.ui-testing";
		};
/* End PBXNativeTarget section */

/* Begin PBXProject section */
		230BCAE027E9F1A300DE3661 /* Project object */ = {
			isa = PBXProject;
			attributes = {
				BuildIndependentTargetsInParallel = 1;
				LastSwiftUpdateCheck = 1330;
				LastUpgradeCheck = 1330;
				TargetAttributes = {
					230BCAE727E9F1A300DE3661 = {
						CreatedOnToolsVersion = 13.3;
					};
					230BCAF727E9F1A400DE3661 = {
						CreatedOnToolsVersion = 13.3;
						TestTargetID = 230BCAE727E9F1A300DE3661;
					};
					230BCB0127E9F1A400DE3661 = {
						CreatedOnToolsVersion = 13.3;
						TestTargetID = 230BCAE727E9F1A300DE3661;
					};
				};
			};
			buildConfigurationList = 230BCAE327E9F1A300DE3661 /* Build configuration list for PBXProject "StreamTest" */;
			compatibilityVersion = "Xcode 13.0";
			developmentRegion = en;
			hasScannedForEncodings = 0;
			knownRegions = (
				en,
				Base,
			);
			mainGroup = 230BCADF27E9F1A300DE3661;
			packageReferences = (
				230BCB1527E9F1D700DE3661 /* XCRemoteSwiftPackageReference "stream-chat-swift" */,
			);
			productRefGroup = 230BCAE927E9F1A300DE3661 /* Products */;
			projectDirPath = "";
			projectRoot = "";
			targets = (
				230BCAE727E9F1A300DE3661 /* StreamTest */,
				230BCAF727E9F1A400DE3661 /* StreamTestTests */,
				230BCB0127E9F1A400DE3661 /* StreamTestUITests */,
			);
		};
/* End PBXProject section */

/* Begin PBXResourcesBuildPhase section */
		230BCAE627E9F1A300DE3661 /* Resources */ = {
			isa = PBXResourcesBuildPhase;
			buildActionMask = 2147483647;
			files = (
				230BCAF327E9F1A400DE3661 /* Preview Assets.xcassets in Resources */,
				230BCAF027E9F1A400DE3661 /* Assets.xcassets in Resources */,
			);
			runOnlyForDeploymentPostprocessing = 0;
		};
		230BCAF627E9F1A400DE3661 /* Resources */ = {
			isa = PBXResourcesBuildPhase;
			buildActionMask = 2147483647;
			files = (
			);
			runOnlyForDeploymentPostprocessing = 0;
		};
		230BCB0027E9F1A400DE3661 /* Resources */ = {
			isa = PBXResourcesBuildPhase;
			buildActionMask = 2147483647;
			files = (
			);
			runOnlyForDeploymentPostprocessing = 0;
		};
/* End PBXResourcesBuildPhase section */

/* Begin PBXSourcesBuildPhase section */
		230BCAE427E9F1A300DE3661 /* Sources */ = {
			isa = PBXSourcesBuildPhase;
			buildActionMask = 2147483647;
			files = (
				230BCAEE27E9F1A300DE3661 /* ContentView.swift in Sources */,
				230BCAEC27E9F1A300DE3661 /* StreamTestApp.swift in Sources */,
			);
			runOnlyForDeploymentPostprocessing = 0;
		};
		230BCAF427E9F1A400DE3661 /* Sources */ = {
			isa = PBXSourcesBuildPhase;
			buildActionMask = 2147483647;
			files = (
				230BCAFD27E9F1A400DE3661 /* StreamTestTests.swift in Sources */,
			);
			runOnlyForDeploymentPostprocessing = 0;
		};
		230BCAFE27E9F1A400DE3661 /* Sources */ = {
			isa = PBXSourcesBuildPhase;
			buildActionMask = 2147483647;
			files = (
				230BCB0927E9F1A400DE3661 /* StreamTestUITestsLaunchTests.swift in Sources */,
				230BCB0727E9F1A400DE3661 /* StreamTestUITests.swift in Sources */,
			);
			runOnlyForDeploymentPostprocessing = 0;
		};
/* End PBXSourcesBuildPhase section */

/* Begin PBXTargetDependency section */
		230BCAFA27E9F1A400DE3661 /* PBXTargetDependency */ = {
			isa = PBXTargetDependency;
			target = 230BCAE727E9F1A300DE3661 /* StreamTest */;
			targetProxy = 230BCAF927E9F1A400DE3661 /* PBXContainerItemProxy */;
		};
		230BCB0427E9F1A400DE3661 /* PBXTargetDependency */ = {
			isa = PBXTargetDependency;
			target = 230BCAE727E9F1A300DE3661 /* StreamTest */;
			targetProxy = 230BCB0327E9F1A400DE3661 /* PBXContainerItemProxy */;
		};
/* End PBXTargetDependency section */

/* Begin XCBuildConfiguration section */
		230BCB0A27E9F1A400DE3661 /* Debug */ = {
			isa = XCBuildConfiguration;
			buildSettings = {
				ALWAYS_SEARCH_USER_PATHS = NO;
				CLANG_ANALYZER_NONNULL = YES;
				CLANG_ANALYZER_NUMBER_OBJECT_CONVERSION = YES_AGGRESSIVE;
				CLANG_CXX_LANGUAGE_STANDARD = "gnu++17";
				CLANG_ENABLE_MODULES = YES;
				CLANG_ENABLE_OBJC_ARC = YES;
				CLANG_ENABLE_OBJC_WEAK = YES;
				CLANG_WARN_BLOCK_CAPTURE_AUTORELEASING = YES;
				CLANG_WARN_BOOL_CONVERSION = YES;
				CLANG_WARN_COMMA = YES;
				CLANG_WARN_CONSTANT_CONVERSION = YES;
				CLANG_WARN_DEPRECATED_OBJC_IMPLEMENTATIONS = YES;
				CLANG_WARN_DIRECT_OBJC_ISA_USAGE = YES_ERROR;
				CLANG_WARN_DOCUMENTATION_COMMENTS = YES;
				CLANG_WARN_EMPTY_BODY = YES;
				CLANG_WARN_ENUM_CONVERSION = YES;
				CLANG_WARN_INFINITE_RECURSION = YES;
				CLANG_WARN_INT_CONVERSION = YES;
				CLANG_WARN_NON_LITERAL_NULL_CONVERSION = YES;
				CLANG_WARN_OBJC_IMPLICIT_RETAIN_SELF = YES;
				CLANG_WARN_OBJC_LITERAL_CONVERSION = YES;
				CLANG_WARN_OBJC_ROOT_CLASS = YES_ERROR;
				CLANG_WARN_QUOTED_INCLUDE_IN_FRAMEWORK_HEADER = YES;
				CLANG_WARN_RANGE_LOOP_ANALYSIS = YES;
				CLANG_WARN_STRICT_PROTOTYPES = YES;
				CLANG_WARN_SUSPICIOUS_MOVE = YES;
				CLANG_WARN_UNGUARDED_AVAILABILITY = YES_AGGRESSIVE;
				CLANG_WARN_UNREACHABLE_CODE = YES;
				CLANG_WARN__DUPLICATE_METHOD_MATCH = YES;
				COPY_PHASE_STRIP = NO;
				DEBUG_INFORMATION_FORMAT = dwarf;
				ENABLE_STRICT_OBJC_MSGSEND = YES;
				ENABLE_TESTABILITY = YES;
				GCC_C_LANGUAGE_STANDARD = gnu11;
				GCC_DYNAMIC_NO_PIC = NO;
				GCC_NO_COMMON_BLOCKS = YES;
				GCC_OPTIMIZATION_LEVEL = 0;
				GCC_PREPROCESSOR_DEFINITIONS = (
					"DEBUG=1",
					"$(inherited)",
				);
				GCC_WARN_64_TO_32_BIT_CONVERSION = YES;
				GCC_WARN_ABOUT_RETURN_TYPE = YES_ERROR;
				GCC_WARN_UNDECLARED_SELECTOR = YES;
				GCC_WARN_UNINITIALIZED_AUTOS = YES_AGGRESSIVE;
				GCC_WARN_UNUSED_FUNCTION = YES;
				GCC_WARN_UNUSED_VARIABLE = YES;
				IPHONEOS_DEPLOYMENT_TARGET = 15.4;
				MTL_ENABLE_DEBUG_INFO = INCLUDE_SOURCE;
				MTL_FAST_MATH = YES;
				ONLY_ACTIVE_ARCH = YES;
				SDKROOT = iphoneos;
				SWIFT_ACTIVE_COMPILATION_CONDITIONS = DEBUG;
				SWIFT_OPTIMIZATION_LEVEL = "-Onone";
			};
			name = Debug;
		};
		230BCB0B27E9F1A400DE3661 /* Release */ = {
			isa = XCBuildConfiguration;
			buildSettings = {
				ALWAYS_SEARCH_USER_PATHS = NO;
				CLANG_ANALYZER_NONNULL = YES;
				CLANG_ANALYZER_NUMBER_OBJECT_CONVERSION = YES_AGGRESSIVE;
				CLANG_CXX_LANGUAGE_STANDARD = "gnu++17";
				CLANG_ENABLE_MODULES = YES;
				CLANG_ENABLE_OBJC_ARC = YES;
				CLANG_ENABLE_OBJC_WEAK = YES;
				CLANG_WARN_BLOCK_CAPTURE_AUTORELEASING = YES;
				CLANG_WARN_BOOL_CONVERSION = YES;
				CLANG_WARN_COMMA = YES;
				CLANG_WARN_CONSTANT_CONVERSION = YES;
				CLANG_WARN_DEPRECATED_OBJC_IMPLEMENTATIONS = YES;
				CLANG_WARN_DIRECT_OBJC_ISA_USAGE = YES_ERROR;
				CLANG_WARN_DOCUMENTATION_COMMENTS = YES;
				CLANG_WARN_EMPTY_BODY = YES;
				CLANG_WARN_ENUM_CONVERSION = YES;
				CLANG_WARN_INFINITE_RECURSION = YES;
				CLANG_WARN_INT_CONVERSION = YES;
				CLANG_WARN_NON_LITERAL_NULL_CONVERSION = YES;
				CLANG_WARN_OBJC_IMPLICIT_RETAIN_SELF = YES;
				CLANG_WARN_OBJC_LITERAL_CONVERSION = YES;
				CLANG_WARN_OBJC_ROOT_CLASS = YES_ERROR;
				CLANG_WARN_QUOTED_INCLUDE_IN_FRAMEWORK_HEADER = YES;
				CLANG_WARN_RANGE_LOOP_ANALYSIS = YES;
				CLANG_WARN_STRICT_PROTOTYPES = YES;
				CLANG_WARN_SUSPICIOUS_MOVE = YES;
				CLANG_WARN_UNGUARDED_AVAILABILITY = YES_AGGRESSIVE;
				CLANG_WARN_UNREACHABLE_CODE = YES;
				CLANG_WARN__DUPLICATE_METHOD_MATCH = YES;
				COPY_PHASE_STRIP = NO;
				DEBUG_INFORMATION_FORMAT = "dwarf-with-dsym";
				ENABLE_NS_ASSERTIONS = NO;
				ENABLE_STRICT_OBJC_MSGSEND = YES;
				GCC_C_LANGUAGE_STANDARD = gnu11;
				GCC_NO_COMMON_BLOCKS = YES;
				GCC_WARN_64_TO_32_BIT_CONVERSION = YES;
				GCC_WARN_ABOUT_RETURN_TYPE = YES_ERROR;
				GCC_WARN_UNDECLARED_SELECTOR = YES;
				GCC_WARN_UNINITIALIZED_AUTOS = YES_AGGRESSIVE;
				GCC_WARN_UNUSED_FUNCTION = YES;
				GCC_WARN_UNUSED_VARIABLE = YES;
				IPHONEOS_DEPLOYMENT_TARGET = 15.4;
				MTL_ENABLE_DEBUG_INFO = NO;
				MTL_FAST_MATH = YES;
				SDKROOT = iphoneos;
				SWIFT_COMPILATION_MODE = wholemodule;
				SWIFT_OPTIMIZATION_LEVEL = "-O";
				VALIDATE_PRODUCT = YES;
			};
			name = Release;
		};
		230BCB0D27E9F1A400DE3661 /* Debug */ = {
			isa = XCBuildConfiguration;
			buildSettings = {
				ASSETCATALOG_COMPILER_APPICON_NAME = AppIcon;
				ASSETCATALOG_COMPILER_GLOBAL_ACCENT_COLOR_NAME = AccentColor;
				CODE_SIGN_STYLE = Automatic;
				CURRENT_PROJECT_VERSION = 1;
				DEVELOPMENT_ASSET_PATHS = "\"StreamTest/Preview Content\"";
				DEVELOPMENT_TEAM = YWLW23LT6G;
				ENABLE_PREVIEWS = YES;
				GENERATE_INFOPLIST_FILE = YES;
				INFOPLIST_KEY_UIApplicationSceneManifest_Generation = YES;
				INFOPLIST_KEY_UIApplicationSupportsIndirectInputEvents = YES;
				INFOPLIST_KEY_UILaunchScreen_Generation = YES;
				INFOPLIST_KEY_UISupportedInterfaceOrientations_iPad = "UIInterfaceOrientationPortrait UIInterfaceOrientationPortraitUpsideDown UIInterfaceOrientationLandscapeLeft UIInterfaceOrientationLandscapeRight";
				INFOPLIST_KEY_UISupportedInterfaceOrientations_iPhone = "UIInterfaceOrientationPortrait UIInterfaceOrientationLandscapeLeft UIInterfaceOrientationLandscapeRight";
				LD_RUNPATH_SEARCH_PATHS = (
					"$(inherited)",
					"@executable_path/Frameworks",
				);
				MARKETING_VERSION = 1.0;
				PRODUCT_BUNDLE_IDENTIFIER = io.br.StreamTest;
				PRODUCT_NAME = "$(TARGET_NAME)";
				SWIFT_EMIT_LOC_STRINGS = YES;
				SWIFT_VERSION = 5.0;
				TARGETED_DEVICE_FAMILY = "1,2";
			};
			name = Debug;
		};
		230BCB0E27E9F1A400DE3661 /* Release */ = {
			isa = XCBuildConfiguration;
			buildSettings = {
				ASSETCATALOG_COMPILER_APPICON_NAME = AppIcon;
				ASSETCATALOG_COMPILER_GLOBAL_ACCENT_COLOR_NAME = AccentColor;
				CODE_SIGN_STYLE = Automatic;
				CURRENT_PROJECT_VERSION = 1;
				DEVELOPMENT_ASSET_PATHS = "\"StreamTest/Preview Content\"";
				DEVELOPMENT_TEAM = YWLW23LT6G;
				ENABLE_PREVIEWS = YES;
				GENERATE_INFOPLIST_FILE = YES;
				INFOPLIST_KEY_UIApplicationSceneManifest_Generation = YES;
				INFOPLIST_KEY_UIApplicationSupportsIndirectInputEvents = YES;
				INFOPLIST_KEY_UILaunchScreen_Generation = YES;
				INFOPLIST_KEY_UISupportedInterfaceOrientations_iPad = "UIInterfaceOrientationPortrait UIInterfaceOrientationPortraitUpsideDown UIInterfaceOrientationLandscapeLeft UIInterfaceOrientationLandscapeRight";
				INFOPLIST_KEY_UISupportedInterfaceOrientations_iPhone = "UIInterfaceOrientationPortrait UIInterfaceOrientationLandscapeLeft UIInterfaceOrientationLandscapeRight";
				LD_RUNPATH_SEARCH_PATHS = (
					"$(inherited)",
					"@executable_path/Frameworks",
				);
				MARKETING_VERSION = 1.0;
				PRODUCT_BUNDLE_IDENTIFIER = io.br.StreamTest;
				PRODUCT_NAME = "$(TARGET_NAME)";
				SWIFT_EMIT_LOC_STRINGS = YES;
				SWIFT_VERSION = 5.0;
				TARGETED_DEVICE_FAMILY = "1,2";
			};
			name = Release;
		};
		230BCB1027E9F1A400DE3661 /* Debug */ = {
			isa = XCBuildConfiguration;
			buildSettings = {
				ALWAYS_EMBED_SWIFT_STANDARD_LIBRARIES = YES;
				BUNDLE_LOADER = "$(TEST_HOST)";
				CODE_SIGN_STYLE = Automatic;
				CURRENT_PROJECT_VERSION = 1;
				DEVELOPMENT_TEAM = YWLW23LT6G;
				GENERATE_INFOPLIST_FILE = YES;
				IPHONEOS_DEPLOYMENT_TARGET = 15.4;
				MARKETING_VERSION = 1.0;
				PRODUCT_BUNDLE_IDENTIFIER = io.br.StreamTestTests;
				PRODUCT_NAME = "$(TARGET_NAME)";
				SWIFT_EMIT_LOC_STRINGS = NO;
				SWIFT_VERSION = 5.0;
				TARGETED_DEVICE_FAMILY = "1,2";
				TEST_HOST = "$(BUILT_PRODUCTS_DIR)/StreamTest.app/StreamTest";
			};
			name = Debug;
		};
		230BCB1127E9F1A400DE3661 /* Release */ = {
			isa = XCBuildConfiguration;
			buildSettings = {
				ALWAYS_EMBED_SWIFT_STANDARD_LIBRARIES = YES;
				BUNDLE_LOADER = "$(TEST_HOST)";
				CODE_SIGN_STYLE = Automatic;
				CURRENT_PROJECT_VERSION = 1;
				DEVELOPMENT_TEAM = YWLW23LT6G;
				GENERATE_INFOPLIST_FILE = YES;
				IPHONEOS_DEPLOYMENT_TARGET = 15.4;
				MARKETING_VERSION = 1.0;
				PRODUCT_BUNDLE_IDENTIFIER = io.br.StreamTestTests;
				PRODUCT_NAME = "$(TARGET_NAME)";
				SWIFT_EMIT_LOC_STRINGS = NO;
				SWIFT_VERSION = 5.0;
				TARGETED_DEVICE_FAMILY = "1,2";
				TEST_HOST = "$(BUILT_PRODUCTS_DIR)/StreamTest.app/StreamTest";
			};
			name = Release;
		};
		230BCB1327E9F1A400DE3661 /* Debug */ = {
			isa = XCBuildConfiguration;
			buildSettings = {
				ALWAYS_EMBED_SWIFT_STANDARD_LIBRARIES = YES;
				CODE_SIGN_STYLE = Automatic;
				CURRENT_PROJECT_VERSION = 1;
				DEVELOPMENT_TEAM = YWLW23LT6G;
				GENERATE_INFOPLIST_FILE = YES;
				MARKETING_VERSION = 1.0;
				PRODUCT_BUNDLE_IDENTIFIER = io.br.StreamTestUITests;
				PRODUCT_NAME = "$(TARGET_NAME)";
				SWIFT_EMIT_LOC_STRINGS = NO;
				SWIFT_VERSION = 5.0;
				TARGETED_DEVICE_FAMILY = "1,2";
				TEST_TARGET_NAME = StreamTest;
			};
			name = Debug;
		};
		230BCB1427E9F1A400DE3661 /* Release */ = {
			isa = XCBuildConfiguration;
			buildSettings = {
				ALWAYS_EMBED_SWIFT_STANDARD_LIBRARIES = YES;
				CODE_SIGN_STYLE = Automatic;
				CURRENT_PROJECT_VERSION = 1;
				DEVELOPMENT_TEAM = YWLW23LT6G;
				GENERATE_INFOPLIST_FILE = YES;
				MARKETING_VERSION = 1.0;
				PRODUCT_BUNDLE_IDENTIFIER = io.br.StreamTestUITests;
				PRODUCT_NAME = "$(TARGET_NAME)";
				SWIFT_EMIT_LOC_STRINGS = NO;
				SWIFT_VERSION = 5.0;
				TARGETED_DEVICE_FAMILY = "1,2";
				TEST_TARGET_NAME = StreamTest;
			};
			name = Release;
		};
/* End XCBuildConfiguration section */

/* Begin XCConfigurationList section */
		230BCAE327E9F1A300DE3661 /* Build configuration list for PBXProject "StreamTest" */ = {
			isa = XCConfigurationList;
			buildConfigurations = (
				230BCB0A27E9F1A400DE3661 /* Debug */,
				230BCB0B27E9F1A400DE3661 /* Release */,
			);
			defaultConfigurationIsVisible = 0;
			defaultConfigurationName = Release;
		};
		230BCB0C27E9F1A400DE3661 /* Build configuration list for PBXNativeTarget "StreamTest" */ = {
			isa = XCConfigurationList;
			buildConfigurations = (
				230BCB0D27E9F1A400DE3661 /* Debug */,
				230BCB0E27E9F1A400DE3661 /* Release */,
			);
			defaultConfigurationIsVisible = 0;
			defaultConfigurationName = Release;
		};
		230BCB0F27E9F1A400DE3661 /* Build configuration list for PBXNativeTarget "StreamTestTests" */ = {
			isa = XCConfigurationList;
			buildConfigurations = (
				230BCB1027E9F1A400DE3661 /* Debug */,
				230BCB1127E9F1A400DE3661 /* Release */,
			);
			defaultConfigurationIsVisible = 0;
			defaultConfigurationName = Release;
		};
		230BCB1227E9F1A400DE3661 /* Build configuration list for PBXNativeTarget "StreamTestUITests" */ = {
			isa = XCConfigurationList;
			buildConfigurations = (
				230BCB1327E9F1A400DE3661 /* Debug */,
				230BCB1427E9F1A400DE3661 /* Release */,
			);
			defaultConfigurationIsVisible = 0;
			defaultConfigurationName = Release;
		};
/* End XCConfigurationList section */

/* Begin XCRemoteSwiftPackageReference section */
		230BCB1527E9F1D700DE3661 /* XCRemoteSwiftPackageReference "stream-chat-swift" */ = {
			isa = XCRemoteSwiftPackageReference;
			repositoryURL = "https://github.com/GetStream/stream-chat-swift.git";
			requirement = {
				kind = upToNextMajorVersion;
				minimumVersion = 4.0.0;
			};
		};
/* End XCRemoteSwiftPackageReference section */

/* Begin XCSwiftPackageProductDependency section */
		230BCB1627E9F1D700DE3661 /* StreamChat */ = {
			isa = XCSwiftPackageProductDependency;
			package = 230BCB1527E9F1D700DE3661 /* XCRemoteSwiftPackageReference "stream-chat-swift" */;
			productName = StreamChat;
		};
		230BCB1827E9F1D700DE3661 /* StreamChatUI */ = {
			isa = XCSwiftPackageProductDependency;
			package = 230BCB1527E9F1D700DE3661 /* XCRemoteSwiftPackageReference "stream-chat-swift" */;
			productName = StreamChatUI;
		};
/* End XCSwiftPackageProductDependency section */
	};
	rootObject = 230BCAE027E9F1A300DE3661 /* Project object */;
}
