{
  "pins" : [
    {
      "identity" : "atlantis",
      "kind" : "remoteSourceControl",
      "location" : "https://github.com/ProxymanApp/atlantis.git",
      "state" : {
        "revision" : "b60ef22babc5cc8997841b378bb2993229fac9eb",
        "version" : "1.16.0"
      }
    },
    {
      "identity" : "gifu",
      "kind" : "remoteSourceControl",
      "location" : "https://github.com/kaishin/Gifu",
      "state" : {
        "revision" : "51f2eab32903e336f590c013267cfa4d7f8b06c4",
        "version" : "3.3.1"
      }
    },
    {
      "identity" : "nuke",
      "kind" : "remoteSourceControl",
      "location" : "https://github.com/kean/Nuke.git",
      "state" : {
        "revision" : "78fa963b8491fc520791d8c2a509f1b8593d8aae",
        "version" : "10.7.1"
      }
    },
    {
      "identity" : "nukeui",
      "kind" : "remoteSourceControl",
      "location" : "https://github.com/kean/NukeUI.git",
      "state" : {
        "revision" : "17f26c07e6b1d3b9258287f99f528111fcd7b7ad",
        "version" : "0.8.1"
      }
    },
    {
      "identity" : "stream-chat-swift",
      "kind" : "remoteSourceControl",
      "location" : "https://github.com/GetStream/stream-chat-swift.git",
      "state" : {
        "revision" : "5088fe5da726003df8f35044f448107034cbff2f",
        "version" : "4.13.1"
      }
    },
    {
      "identity" : "stream-chat-swiftui",
      "kind" : "remoteSourceControl",
      "location" : "https://github.com/GetStream/stream-chat-swiftui",
      "state" : {
        "branch" : "bugfix/auth_invalid_segments",
        "revision" : "c918e012631df5cda28804fff425e5cabefcfc5f"
      }
    }
  ],
  "version" : 2
}
