{
  "pins" : [
    {
      "identity" : "stream-chat-swift",
      "kind" : "remoteSourceControl",
      "location" : "https://github.com/GetStream/stream-chat-swift.git",
      "state" : {
        "revision" : "c5a6d7b7b9f61e1ad9cc76137e5a39cc24de39c8",
        "version" : "4.12.0"
      }
    }
  ],
  "version" : 2
}
